PODS:
  - ZHHNumberKeyboard (0.1.0):
    - ZHHNumberKeyboard/Core (= 0.1.0)
  - ZHHNumberKeyboard/Core (0.1.0)

DEPENDENCIES:
  - ZHHNumberKeyboard (from `../`)

EXTERNAL SOURCES:
  ZHHNumberKeyboard:
    :path: "../"

SPEC CHECKSUMS:
  ZHHNumberKeyboard: 7c93c53ee9be25ceed83e69757b3c8c7c608447f

PODFILE CHECKSUM: 6b7a9d09bb7e3e56fc705c39a40f95d1b8894972

COCOAPODS: 1.16.2
