PODS:
  - ZHHNumberKeyboard (0.0.1)

DEPENDENCIES:
  - ZHHNumberKeyboard (from `../`)

EXTERNAL SOURCES:
  ZHHNumberKeyboard:
    :path: "../"

SPEC CHECKSUMS:
  ZHHNumberKeyboard: bb6335b745a1890bf4d42d100bbe58fe5b04b618

PODFILE CHECKSUM: 6b7a9d09bb7e3e56fc705c39a40f95d1b8894972

COCOAPODS: 1.16.2
